
Microsoft Visual Studio Solution File, Format Version 12.00
# Visual Studio Version 17
VisualStudioVersion = 17.12.35521.163 d17.12
MinimumVisualStudioVersion = 10.0.40219.1
Project("{9A19103F-16F7-4668-BE54-9A1E7A4F7556}") = "Client", "Client\Client.csproj", "{EDB01E35-92E0-4945-9D0D-27D2262B3F1C}"
EndProject
Project("{9A19103F-16F7-4668-BE54-9A1E7A4F7556}") = "Server", "Server\Server.csproj", "{CDE2B5E7-4956-4B9B-8C9F-4F03DD610BBE}"
EndProject
Project("{FAE04EC0-301F-11D3-BF4B-00C04F79EFBC}") = "Shared", "Shared\Shared.csproj", "{FB2E6143-18A3-4E12-AD5A-1FED00725FA8}"
EndProject
Project("{FAE04EC0-301F-11D3-BF4B-00C04F79EFBC}") = "UnitTests", "UnitTests\UnitTests.csproj", "{EE45E149-80C6-4D70-8181-588D09968EC9}"
EndProject
Global
	GlobalSection(SolutionConfigurationPlatforms) = preSolution
		Debug|Any CPU = Debug|Any CPU
		Release|Any CPU = Release|Any CPU
	EndGlobalSection
	GlobalSection(ProjectConfigurationPlatforms) = postSolution
		{EDB01E35-92E0-4945-9D0D-27D2262B3F1C}.Debug|Any CPU.ActiveCfg = Debug|Any CPU
		{EDB01E35-92E0-4945-9D0D-27D2262B3F1C}.Debug|Any CPU.Build.0 = Debug|Any CPU
		{EDB01E35-92E0-4945-9D0D-27D2262B3F1C}.Release|Any CPU.ActiveCfg = Release|Any CPU
		{EDB01E35-92E0-4945-9D0D-27D2262B3F1C}.Release|Any CPU.Build.0 = Release|Any CPU
		{CDE2B5E7-4956-4B9B-8C9F-4F03DD610BBE}.Debug|Any CPU.ActiveCfg = Debug|Any CPU
		{CDE2B5E7-4956-4B9B-8C9F-4F03DD610BBE}.Debug|Any CPU.Build.0 = Debug|Any CPU
		{CDE2B5E7-4956-4B9B-8C9F-4F03DD610BBE}.Release|Any CPU.ActiveCfg = Release|Any CPU
		{CDE2B5E7-4956-4B9B-8C9F-4F03DD610BBE}.Release|Any CPU.Build.0 = Release|Any CPU
		{FB2E6143-18A3-4E12-AD5A-1FED00725FA8}.Debug|Any CPU.ActiveCfg = Debug|Any CPU
		{FB2E6143-18A3-4E12-AD5A-1FED00725FA8}.Debug|Any CPU.Build.0 = Debug|Any CPU
		{FB2E6143-18A3-4E12-AD5A-1FED00725FA8}.Release|Any CPU.ActiveCfg = Release|Any CPU
		{FB2E6143-18A3-4E12-AD5A-1FED00725FA8}.Release|Any CPU.Build.0 = Release|Any CPU
		{EE45E149-80C6-4D70-8181-588D09968EC9}.Debug|Any CPU.ActiveCfg = Debug|Any CPU
		{EE45E149-80C6-4D70-8181-588D09968EC9}.Debug|Any CPU.Build.0 = Debug|Any CPU
		{EE45E149-80C6-4D70-8181-588D09968EC9}.Release|Any CPU.ActiveCfg = Release|Any CPU
		{EE45E149-80C6-4D70-8181-588D09968EC9}.Release|Any CPU.Build.0 = Release|Any CPU
	EndGlobalSection
	GlobalSection(SolutionProperties) = preSolution
		HideSolutionNode = FALSE
	EndGlobalSection
	GlobalSection(ExtensibilityGlobals) = postSolution
		SolutionGuid = {E5495CBC-61E1-41A9-89CE-969E2BD3E4E1}
	EndGlobalSection
EndGlobal
